{
  "name": "@sepalang/myself",
  "version": "0.3.0",
  "lockfileVersion": 1,
  "requires": true,
  "dependencies": {
    "minimist": {
      "version": "1.2.5",
      "resolved": "https://registry.npmjs.org/minimist/-/minimist-1.2.5.tgz",
      "integrity": "sha512-FM9nNUYrRBAELZQT3xeZQ7fmMOBg6nWNmJKTcgsJeaLstP/UODVpGsr5OhXhhXg6f+qtJ8uiZ+PUxkDWcgIXLw=="
    },
    "package.loader": {
      "version": "0.4.1",
      "resolved": "https://registry.npmjs.org/package.loader/-/package.loader-0.4.1.tgz",
      "integrity": "sha1-fCMnr1a98INqi7MdV8LGlBFKVQY=",
      "requires": {
        "clone": "^1.0.2"
      },
      "dependencies": {
        "clone": {
          "version": "1.0.2",
          "resolved": "https://registry.npmjs.org/clone/-/clone-1.0.2.tgz",
          "integrity": "sha1-Jgt6meux7f4kdTgXX3gyQ8sZ0Uk="
        }
      }
    },
    "package.root": {
      "version": "1.0.3",
      "resolved": "https://registry.npmjs.org/package.root/-/package.root-1.0.3.tgz",
      "integrity": "sha1-7ildFmgiAxDqEhW3ZqStWLe5qbc=",
      "requires": {
        "package.loader": "^0.4.0"
      }
    }
  }
}
